{
  "version": 4,
  "terraform_version": "0.12.29",
  "serial": 226,
  "lineage": "fc592b5a-65bb-89f2-81bb-96c98a471567",
  "outputs": {},
  "resources": [
    {
      "mode": "managed",
      "type": "aws_iam_account_password_policy",
      "name": "strict",
      "provider": "provider.aws",
      "instances": [
        {
          "schema_version": 0,
          "attributes": {
            "allow_users_to_change_password": true,
            "expire_passwords": true,
            "hard_expiry": false,
            "id": "iam-account-password-policy",
            "max_password_age": 90,
            "minimum_password_length": 8,
            "password_reuse_prevention": 3,
            "require_lowercase_characters": true,
            "require_numbers": true,
            "require_symbols": true,
            "require_uppercase_characters": true
          },
          "private": "bnVsbA=="
        }
      ]
    },
    {
      "mode": "managed",
      "type": "aws_iam_group",
      "name": "group1",
      "provider": "provider.aws",
      "instances": [
        {
          "schema_version": 0,
          "attributes": {
            "arn": "arn:aws:iam::359042768569:group/dbadmin",
            "id": "dbadmin",
            "name": "dbadmin",
            "path": "/",
            "unique_id": "AGPAVHGE5324TYK2NGVUJ"
          },
          "private": "bnVsbA=="
        }
      ]
    },
    {
      "mode": "managed",
      "type": "aws_iam_group",
      "name": "group2",
      "provider": "provider.aws",
      "instances": [
        {
          "schema_version": 0,
          "attributes": {
            "arn": "arn:aws:iam::359042768569:group/sysadmin",
            "id": "sysadmin",
            "name": "sysadmin",
            "path": "/",
            "unique_id": "AGPAVHGE53244MK75HZXX"
          },
          "private": "bnVsbA=="
        }
      ]
    },
    {
      "mode": "managed",
      "type": "aws_iam_group",
      "name": "monitoring",
      "provider": "provider.aws",
      "instances": [
        {
          "schema_version": 0,
          "attributes": {
            "arn": "arn:aws:iam::359042768569:group/monitoring",
            "id": "monitoring",
            "name": "monitoring",
            "path": "/",
            "unique_id": "AGPAVHGE53243OZCTYSDV"
          },
          "private": "bnVsbA=="
        }
      ]
    },
    {
      "mode": "managed",
      "type": "aws_iam_group_membership",
      "name": "team",
      "provider": "provider.aws",
      "instances": [
        {
          "schema_version": 0,
          "attributes": {
            "group": "dbadmin",
            "id": "tf-testing-group-membership",
            "name": "tf-testing-group-membership",
            "users": [
              "dbadmin1",
              "dbadmin2"
            ]
          },
          "private": "bnVsbA==",
          "dependencies": [
            "aws_iam_group.group1",
            "aws_iam_user.dbadmin1",
            "aws_iam_user.dbadmin2"
          ]
        }
      ]
    },
    {
      "mode": "managed",
      "type": "aws_iam_group_membership",
      "name": "team2",
      "provider": "provider.aws",
      "instances": [
        {
          "schema_version": 0,
          "attributes": {
            "group": "sysadmin",
            "id": "tf-testing-group2-membership",
            "name": "tf-testing-group2-membership",
            "users": [
              "sysadmin1",
              "sysadmin2"
            ]
          },
          "private": "bnVsbA==",
          "dependencies": [
            "aws_iam_group.group2",
            "aws_iam_user.sysadmin1",
            "aws_iam_user.sysadmin2"
          ]
        }
      ]
    },
    {
      "mode": "managed",
      "type": "aws_iam_group_membership",
      "name": "team3",
      "provider": "provider.aws",
      "instances": [
        {
          "schema_version": 0,
          "attributes": {
            "group": "monitoring",
            "id": "tf-testing-group3-membership",
            "name": "tf-testing-group3-membership",
            "users": [
              "monitor1",
              "monitor2",
              "monitor3",
              "monitor4"
            ]
          },
          "private": "bnVsbA==",
          "dependencies": [
            "aws_iam_group.monitoring",
            "aws_iam_user.monitor1",
            "aws_iam_user.monitor2",
            "aws_iam_user.monitor3",
            "aws_iam_user.monitor4"
          ]
        }
      ]
    },
    {
      "mode": "managed",
      "type": "aws_iam_instance_profile",
      "name": "s3-mybucket-role-instanceprofile",
      "provider": "provider.aws",
      "instances": [
        {
          "schema_version": 0,
          "attributes": {
            "arn": "arn:aws:iam::359042768569:instance-profile/s3-21",
            "create_date": "2020-09-08T21:37:15Z",
            "id": "s3-21",
            "name": "s3-21",
            "name_prefix": null,
            "path": "/",
            "role": "s3-21",
            "unique_id": "AIPAVHGE5324RG42C6VLP"
          },
          "private": "bnVsbA==",
          "dependencies": [
            "aws_iam_role.s3-mybucket-role"
          ]
        }
      ]
    },
    {
      "mode": "managed",
      "type": "aws_iam_policy_attachment",
      "name": "test-attach",
      "provider": "provider.aws",
      "instances": [
        {
          "schema_version": 0,
          "attributes": {
            "groups": [
              "dbadmin"
            ],
            "id": "test-attachment",
            "name": "test-attachment",
            "policy_arn": "arn:aws:iam::aws:policy/job-function/DatabaseAdministrator",
            "roles": [],
            "users": []
          },
          "private": "bnVsbA==",
          "dependencies": [
            "aws_iam_group.group1"
          ]
        }
      ]
    },
    {
      "mode": "managed",
      "type": "aws_iam_policy_attachment",
      "name": "test-attach2",
      "provider": "provider.aws",
      "instances": [
        {
          "schema_version": 0,
          "attributes": {
            "groups": [
              "sysadmin"
            ],
            "id": "test-attachment2",
            "name": "test-attachment2",
            "policy_arn": "arn:aws:iam::aws:policy/job-function/SystemAdministrator",
            "roles": [],
            "users": []
          },
          "private": "bnVsbA==",
          "dependencies": [
            "aws_iam_group.group2"
          ]
        }
      ]
    },
    {
      "mode": "managed",
      "type": "aws_iam_policy_attachment",
      "name": "test-attach21",
      "provider": "provider.aws",
      "instances": [
        {
          "schema_version": 0,
          "attributes": {
            "groups": [
              "monitoring"
            ],
            "id": "test-attachment21",
            "name": "test-attachment21",
            "policy_arn": "arn:aws:iam::aws:policy/AmazonRDSFullAccess",
            "roles": null,
            "users": null
          },
          "private": "bnVsbA==",
          "dependencies": [
            "aws_iam_group.monitoring"
          ]
        }
      ]
    },
    {
      "mode": "managed",
      "type": "aws_iam_policy_attachment",
      "name": "test-attach3",
      "provider": "provider.aws",
      "instances": [
        {
          "schema_version": 0,
          "attributes": {
            "groups": [
              "monitoring"
            ],
            "id": "test-attachment3",
            "name": "test-attachment3",
            "policy_arn": "arn:aws:iam::aws:policy/IAMFullAccess",
            "roles": [],
            "users": []
          },
          "private": "bnVsbA==",
          "dependencies": [
            "aws_iam_group.monitoring"
          ]
        }
      ]
    },
    {
      "mode": "managed",
      "type": "aws_iam_policy_attachment",
      "name": "test-attach4",
      "provider": "provider.aws",
      "instances": [
        {
          "schema_version": 0,
          "attributes": {
            "groups": [
              "monitoring"
            ],
            "id": "test-attachment4",
            "name": "test-attachment4",
            "policy_arn": "arn:aws:iam::aws:policy/AmazonS3FullAccess",
            "roles": [],
            "users": []
          },
          "private": "bnVsbA==",
          "dependencies": [
            "aws_iam_group.monitoring"
          ]
        }
      ]
    },
    {
      "mode": "managed",
      "type": "aws_iam_policy_attachment",
      "name": "test-attach5",
      "provider": "provider.aws",
      "instances": [
        {
          "schema_version": 0,
          "attributes": {
            "groups": [
              "monitoring"
            ],
            "id": "test-attachment5",
            "name": "test-attachment5",
            "policy_arn": "arn:aws:iam::aws:policy/AmazonEC2FullAccess",
            "roles": [],
            "users": []
          },
          "private": "bnVsbA==",
          "dependencies": [
            "aws_iam_group.monitoring"
          ]
        }
      ]
    },
    {
      "mode": "managed",
      "type": "aws_iam_role",
      "name": "s3-mybucket-role",
      "provider": "provider.aws",
      "instances": [
        {
          "schema_version": 0,
          "attributes": {
            "arn": "arn:aws:iam::359042768569:role/s3-21",
            "assume_role_policy": "{\"Version\":\"2012-10-17\",\"Statement\":[{\"Sid\":\"\",\"Effect\":\"Allow\",\"Principal\":{\"Service\":\"ec2.amazonaws.com\"},\"Action\":\"sts:AssumeRole\"}]}",
            "create_date": "2020-09-08T21:37:14Z",
            "description": "",
            "force_detach_policies": false,
            "id": "s3-21",
            "max_session_duration": 3600,
            "name": "s3-21",
            "name_prefix": null,
            "path": "/",
            "permissions_boundary": null,
            "tags": {},
            "unique_id": "AROAVHGE53244HODGUEMA"
          },
          "private": "bnVsbA=="
        }
      ]
    },
    {
      "mode": "managed",
      "type": "aws_iam_role_policy",
      "name": "s3-mybucket-role-policy",
      "provider": "provider.aws",
      "instances": [
        {
          "schema_version": 0,
          "attributes": {
            "id": "s3-21:s3-21",
            "name": "s3-21",
            "name_prefix": null,
            "policy": "{\n    \"Version\": \"2012-10-17\",\n    \"Statement\": [\n        {\n            \"Effect\": \"Allow\",\n            \"Action\": [\n              \"s3:*\"\n            ],\n            \"Resource\": [\n              \"arn:aws:s3:::prjector21\",\n              \"arn:aws:s3:::prjector21/*\"\n            ]\n        }\n    ]\n}\n",
            "role": "s3-21"
          },
          "private": "bnVsbA==",
          "dependencies": [
            "aws_iam_role.s3-mybucket-role"
          ]
        }
      ]
    },
    {
      "mode": "managed",
      "type": "aws_iam_user",
      "name": "dbadmin1",
      "provider": "provider.aws",
      "instances": [
        {
          "schema_version": 0,
          "attributes": {
            "arn": "arn:aws:iam::359042768569:user/dbadmin1",
            "force_destroy": false,
            "id": "dbadmin1",
            "name": "dbadmin1",
            "path": "/",
            "permissions_boundary": null,
            "tags": {},
            "unique_id": "AIDAVHGE5324SVOK5XIEN"
          },
          "private": "bnVsbA=="
        }
      ]
    },
    {
      "mode": "managed",
      "type": "aws_iam_user",
      "name": "dbadmin2",
      "provider": "provider.aws",
      "instances": [
        {
          "schema_version": 0,
          "attributes": {
            "arn": "arn:aws:iam::359042768569:user/dbadmin2",
            "force_destroy": false,
            "id": "dbadmin2",
            "name": "dbadmin2",
            "path": "/",
            "permissions_boundary": null,
            "tags": {},
            "unique_id": "AIDAVHGE53247VGVJPZ6O"
          },
          "private": "bnVsbA=="
        }
      ]
    },
    {
      "mode": "managed",
      "type": "aws_iam_user",
      "name": "monitor1",
      "provider": "provider.aws",
      "instances": [
        {
          "schema_version": 0,
          "attributes": {
            "arn": "arn:aws:iam::359042768569:user/monitor1",
            "force_destroy": false,
            "id": "monitor1",
            "name": "monitor1",
            "path": "/",
            "permissions_boundary": null,
            "tags": {},
            "unique_id": "AIDAVHGE5324ZRSO7AH5I"
          },
          "private": "bnVsbA=="
        }
      ]
    },
    {
      "mode": "managed",
      "type": "aws_iam_user",
      "name": "monitor2",
      "provider": "provider.aws",
      "instances": [
        {
          "schema_version": 0,
          "attributes": {
            "arn": "arn:aws:iam::359042768569:user/monitor2",
            "force_destroy": false,
            "id": "monitor2",
            "name": "monitor2",
            "path": "/",
            "permissions_boundary": null,
            "tags": {},
            "unique_id": "AIDAVHGE53242QWPEFQUP"
          },
          "private": "bnVsbA=="
        }
      ]
    },
    {
      "mode": "managed",
      "type": "aws_iam_user",
      "name": "monitor3",
      "provider": "provider.aws",
      "instances": [
        {
          "schema_version": 0,
          "attributes": {
            "arn": "arn:aws:iam::359042768569:user/monitor3",
            "force_destroy": false,
            "id": "monitor3",
            "name": "monitor3",
            "path": "/",
            "permissions_boundary": null,
            "tags": {},
            "unique_id": "AIDAVHGE5324YO6DHHHZY"
          },
          "private": "bnVsbA=="
        }
      ]
    },
    {
      "mode": "managed",
      "type": "aws_iam_user",
      "name": "monitor4",
      "provider": "provider.aws",
      "instances": [
        {
          "schema_version": 0,
          "attributes": {
            "arn": "arn:aws:iam::359042768569:user/monitor4",
            "force_destroy": false,
            "id": "monitor4",
            "name": "monitor4",
            "path": "/",
            "permissions_boundary": null,
            "tags": {},
            "unique_id": "AIDAVHGE532445FQO7BSL"
          },
          "private": "bnVsbA=="
        }
      ]
    },
    {
      "mode": "managed",
      "type": "aws_iam_user",
      "name": "sysadmin1",
      "provider": "provider.aws",
      "instances": [
        {
          "schema_version": 0,
          "attributes": {
            "arn": "arn:aws:iam::359042768569:user/sysadmin1",
            "force_destroy": false,
            "id": "sysadmin1",
            "name": "sysadmin1",
            "path": "/",
            "permissions_boundary": null,
            "tags": {},
            "unique_id": "AIDAVHGE5324W4RZ4TXOM"
          },
          "private": "bnVsbA=="
        }
      ]
    },
    {
      "mode": "managed",
      "type": "aws_iam_user",
      "name": "sysadmin2",
      "provider": "provider.aws",
      "instances": [
        {
          "schema_version": 0,
          "attributes": {
            "arn": "arn:aws:iam::359042768569:user/sysadmin2",
            "force_destroy": false,
            "id": "sysadmin2",
            "name": "sysadmin2",
            "path": "/",
            "permissions_boundary": null,
            "tags": {},
            "unique_id": "AIDAVHGE53243O5HYRE4D"
          },
          "private": "bnVsbA=="
        }
      ]
    }
  ]
}
